// !$*UTF8*$!
{
	archiveVersion = 1;
	classes = {
	};
	objectVersion = 46;
	objects = {

/* Begin PBXBuildFile section */
		AB8F048D19B6FEAB004CFDED /* Foundation.framework in Frameworks */ = {isa = PBXBuildFile; fileRef = AB8F048C19B6FEAB004CFDED /* Foundation.framework */; };
		AB8F048F19B6FEAB004CFDED /* CoreGraphics.framework in Frameworks */ = {isa = PBXBuildFile; fileRef = AB8F048E19B6FEAB004CFDED /* CoreGraphics.framework */; };
		AB8F049119B6FEAC004CFDED /* UIKit.framework in Frameworks */ = {isa = PBXBuildFile; fileRef = AB8F049019B6FEAC004CFDED /* UIKit.framework */; };
		AB8F049719B6FEAC004CFDED /* InfoPlist.strings in Resources */ = {isa = PBXBuildFile; fileRef = AB8F049519B6FEAC004CFDED /* InfoPlist.strings */; };
		AB8F049919B6FEAC004CFDED /* main.m in Sources */ = {isa = PBXBuildFile; fileRef = AB8F049819B6FEAC004CFDED /* main.m */; };
		AB8F049D19B6FEAC004CFDED /* AppDelegate.m in Sources */ = {isa = PBXBuildFile; fileRef = AB8F049C19B6FEAC004CFDED /* AppDelegate.m */; };
		AB8F04A019B6FEAC004CFDED /* Main.storyboard in Resources */ = {isa = PBXBuildFile; fileRef = AB8F049E19B6FEAC004CFDED /* Main.storyboard */; };
		AB8F04A319B6FEAC004CFDED /* ViewController.m in Sources */ = {isa = PBXBuildFile; fileRef = AB8F04A219B6FEAC004CFDED /* ViewController.m */; };
		AB8F04A519B6FEAC004CFDED /* Images.xcassets in Resources */ = {isa = PBXBuildFile; fileRef = AB8F04A419B6FEAC004CFDED /* Images.xcassets */; };
		AB8F04AC19B6FEAC004CFDED /* XCTest.framework in Frameworks */ = {isa = PBXBuildFile; fileRef = AB8F04AB19B6FEAC004CFDED /* XCTest.framework */; };
		AB8F04AD19B6FEAC004CFDED /* Foundation.framework in Frameworks */ = {isa = PBXBuildFile; fileRef = AB8F048C19B6FEAB004CFDED /* Foundation.framework */; };
		AB8F04AE19B6FEAC004CFDED /* UIKit.framework in Frameworks */ = {isa = PBXBuildFile; fileRef = AB8F049019B6FEAC004CFDED /* UIKit.framework */; };
		AB8F04B619B6FEAC004CFDED /* InfoPlist.strings in Resources */ = {isa = PBXBuildFile; fileRef = AB8F04B419B6FEAC004CFDED /* InfoPlist.strings */; };
		AB8F04B819B6FEAC004CFDED /* FancyTabBarTests.m in Sources */ = {isa = PBXBuildFile; fileRef = AB8F04B719B6FEAC004CFDED /* FancyTabBarTests.m */; };
		AB8F04C419B6FEE2004CFDED /* FancyTabBar.m in Sources */ = {isa = PBXBuildFile; fileRef = AB8F04C219B6FEE2004CFDED /* FancyTabBar.m */; };
		AB8F04C919B6FF35004CFDED /* UIImage+ImageEffects.m in Sources */ = {isa = PBXBuildFile; fileRef = AB8F04C819B6FF35004CFDED /* UIImage+ImageEffects.m */; };
		AB8F04CC19B6FF4B004CFDED /* Coordinate.m in Sources */ = {isa = PBXBuildFile; fileRef = AB8F04CB19B6FF4B004CFDED /* Coordinate.m */; };
		AB8F04CF19B6FF88004CFDED /* UIView+Screenshot.m in Sources */ = {isa = PBXBuildFile; fileRef = AB8F04CE19B6FF88004CFDED /* UIView+Screenshot.m */; };
/* End PBXBuildFile section */

/* Begin PBXContainerItemProxy section */
		AB8F04AF19B6FEAC004CFDED /* PBXContainerItemProxy */ = {
			isa = PBXContainerItemProxy;
			containerPortal = AB8F048119B6FEAB004CFDED /* Project object */;
			proxyType = 1;
			remoteGlobalIDString = AB8F048819B6FEAB004CFDED;
			remoteInfo = FancyTabBar;
		};
/* End PBXContainerItemProxy section */

/* Begin PBXFileReference section */
		AB8F048919B6FEAB004CFDED /* FancyTabBar.app */ = {isa = PBXFileReference; explicitFileType = wrapper.application; includeInIndex = 0; path = FancyTabBar.app; sourceTree = BUILT_PRODUCTS_DIR; };
		AB8F048C19B6FEAB004CFDED /* Foundation.framework */ = {isa = PBXFileReference; lastKnownFileType = wrapper.framework; name = Foundation.framework; path = System/Library/Frameworks/Foundation.framework; sourceTree = SDKROOT; };
		AB8F048E19B6FEAB004CFDED /* CoreGraphics.framework */ = {isa = PBXFileReference; lastKnownFileType = wrapper.framework; name = CoreGraphics.framework; path = System/Library/Frameworks/CoreGraphics.framework; sourceTree = SDKROOT; };
		AB8F049019B6FEAC004CFDED /* UIKit.framework */ = {isa = PBXFileReference; lastKnownFileType = wrapper.framework; name = UIKit.framework; path = System/Library/Frameworks/UIKit.framework; sourceTree = SDKROOT; };
		AB8F049419B6FEAC004CFDED /* FancyTabBar-Info.plist */ = {isa = PBXFileReference; lastKnownFileType = text.plist.xml; path = "FancyTabBar-Info.plist"; sourceTree = "<group>"; };
		AB8F049619B6FEAC004CFDED /* en */ = {isa = PBXFileReference; lastKnownFileType = text.plist.strings; name = en; path = en.lproj/InfoPlist.strings; sourceTree = "<group>"; };
		AB8F049819B6FEAC004CFDED /* main.m */ = {isa = PBXFileReference; lastKnownFileType = sourcecode.c.objc; path = main.m; sourceTree = "<group>"; };
		AB8F049A19B6FEAC004CFDED /* FancyTabBar-Prefix.pch */ = {isa = PBXFileReference; lastKnownFileType = sourcecode.c.h; path = "FancyTabBar-Prefix.pch"; sourceTree = "<group>"; };
		AB8F049B19B6FEAC004CFDED /* AppDelegate.h */ = {isa = PBXFileReference; lastKnownFileType = sourcecode.c.h; path = AppDelegate.h; sourceTree = "<group>"; };
		AB8F049C19B6FEAC004CFDED /* AppDelegate.m */ = {isa = PBXFileReference; lastKnownFileType = sourcecode.c.objc; path = AppDelegate.m; sourceTree = "<group>"; };
		AB8F049F19B6FEAC004CFDED /* Base */ = {isa = PBXFileReference; lastKnownFileType = file.storyboard; name = Base; path = Base.lproj/Main.storyboard; sourceTree = "<group>"; };
		AB8F04A119B6FEAC004CFDED /* ViewController.h */ = {isa = PBXFileReference; lastKnownFileType = sourcecode.c.h; path = ViewController.h; sourceTree = "<group>"; };
		AB8F04A219B6FEAC004CFDED /* ViewController.m */ = {isa = PBXFileReference; lastKnownFileType = sourcecode.c.objc; path = ViewController.m; sourceTree = "<group>"; };
		AB8F04A419B6FEAC004CFDED /* Images.xcassets */ = {isa = PBXFileReference; lastKnownFileType = folder.assetcatalog; path = Images.xcassets; sourceTree = "<group>"; };
		AB8F04AA19B6FEAC004CFDED /* FancyTabBarTests.xctest */ = {isa = PBXFileReference; explicitFileType = wrapper.cfbundle; includeInIndex = 0; path = FancyTabBarTests.xctest; sourceTree = BUILT_PRODUCTS_DIR; };
		AB8F04AB19B6FEAC004CFDED /* XCTest.framework */ = {isa = PBXFileReference; lastKnownFileType = wrapper.framework; name = XCTest.framework; path = Library/Frameworks/XCTest.framework; sourceTree = DEVELOPER_DIR; };
		AB8F04B319B6FEAC004CFDED /* FancyTabBarTests-Info.plist */ = {isa = PBXFileReference; lastKnownFileType = text.plist.xml; path = "FancyTabBarTests-Info.plist"; sourceTree = "<group>"; };
		AB8F04B519B6FEAC004CFDED /* en */ = {isa = PBXFileReference; lastKnownFileType = text.plist.strings; name = en; path = en.lproj/InfoPlist.strings; sourceTree = "<group>"; };
		AB8F04B719B6FEAC004CFDED /* FancyTabBarTests.m */ = {isa = PBXFileReference; lastKnownFileType = sourcecode.c.objc; path = FancyTabBarTests.m; sourceTree = "<group>"; };
		AB8F04C119B6FEE2004CFDED /* FancyTabBar.h */ = {isa = PBXFileReference; fileEncoding = 4; lastKnownFileType = sourcecode.c.h; path = FancyTabBar.h; sourceTree = "<group>"; };
		AB8F04C219B6FEE2004CFDED /* FancyTabBar.m */ = {isa = PBXFileReference; fileEncoding = 4; lastKnownFileType = sourcecode.c.objc; path = FancyTabBar.m; sourceTree = "<group>"; };
		AB8F04C319B6FEE2004CFDED /* FancyTabBarDelegate.h */ = {isa = PBXFileReference; fileEncoding = 4; lastKnownFileType = sourcecode.c.h; path = FancyTabBarDelegate.h; sourceTree = "<group>"; };
		AB8F04C719B6FF35004CFDED /* UIImage+ImageEffects.h */ = {isa = PBXFileReference; fileEncoding = 4; lastKnownFileType = sourcecode.c.h; path = "UIImage+ImageEffects.h"; sourceTree = "<group>"; };
		AB8F04C819B6FF35004CFDED /* UIImage+ImageEffects.m */ = {isa = PBXFileReference; fileEncoding = 4; lastKnownFileType = sourcecode.c.objc; path = "UIImage+ImageEffects.m"; sourceTree = "<group>"; };
		AB8F04CA19B6FF4B004CFDED /* Coordinate.h */ = {isa = PBXFileReference; fileEncoding = 4; lastKnownFileType = sourcecode.c.h; path = Coordinate.h; sourceTree = "<group>"; };
		AB8F04CB19B6FF4B004CFDED /* Coordinate.m */ = {isa = PBXFileReference; fileEncoding = 4; lastKnownFileType = sourcecode.c.objc; path = Coordinate.m; sourceTree = "<group>"; };
		AB8F04CD19B6FF88004CFDED /* UIView+Screenshot.h */ = {isa = PBXFileReference; fileEncoding = 4; lastKnownFileType = sourcecode.c.h; path = "UIView+Screenshot.h"; sourceTree = "<group>"; };
		AB8F04CE19B6FF88004CFDED /* UIView+Screenshot.m */ = {isa = PBXFileReference; fileEncoding = 4; lastKnownFileType = sourcecode.c.objc; path = "UIView+Screenshot.m"; sourceTree = "<group>"; };
/* End PBXFileReference section */

/* Begin PBXFrameworksBuildPhase section */
		AB8F048619B6FEAB004CFDED /* Frameworks */ = {
			isa = PBXFrameworksBuildPhase;
			buildActionMask = 2147483647;
			files = (
				AB8F048F19B6FEAB004CFDED /* CoreGraphics.framework in Frameworks */,
				AB8F049119B6FEAC004CFDED /* UIKit.framework in Frameworks */,
				AB8F048D19B6FEAB004CFDED /* Foundation.framework in Frameworks */,
			);
			runOnlyForDeploymentPostprocessing = 0;
		};
		AB8F04A719B6FEAC004CFDED /* Frameworks */ = {
			isa = PBXFrameworksBuildPhase;
			buildActionMask = 2147483647;
			files = (
				AB8F04AC19B6FEAC004CFDED /* XCTest.framework in Frameworks */,
				AB8F04AE19B6FEAC004CFDED /* UIKit.framework in Frameworks */,
				AB8F04AD19B6FEAC004CFDED /* Foundation.framework in Frameworks */,
			);
			runOnlyForDeploymentPostprocessing = 0;
		};
/* End PBXFrameworksBuildPhase section */

/* Begin PBXGroup section */
		AB8F048019B6FEAB004CFDED = {
			isa = PBXGroup;
			children = (
				AB8F049219B6FEAC004CFDED /* FancyTabBar */,
				AB8F04B119B6FEAC004CFDED /* FancyTabBarTests */,
				AB8F048B19B6FEAB004CFDED /* Frameworks */,
				AB8F048A19B6FEAB004CFDED /* Products */,
			);
			sourceTree = "<group>";
		};
		AB8F048A19B6FEAB004CFDED /* Products */ = {
			isa = PBXGroup;
			children = (
				AB8F048919B6FEAB004CFDED /* FancyTabBar.app */,
				AB8F04AA19B6FEAC004CFDED /* FancyTabBarTests.xctest */,
			);
			name = Products;
			sourceTree = "<group>";
		};
		AB8F048B19B6FEAB004CFDED /* Frameworks */ = {
			isa = PBXGroup;
			children = (
				AB8F048C19B6FEAB004CFDED /* Foundation.framework */,
				AB8F048E19B6FEAB004CFDED /* CoreGraphics.framework */,
				AB8F049019B6FEAC004CFDED /* UIKit.framework */,
				AB8F04AB19B6FEAC004CFDED /* XCTest.framework */,
			);
			name = Frameworks;
			sourceTree = "<group>";
		};
		AB8F049219B6FEAC004CFDED /* FancyTabBar */ = {
			isa = PBXGroup;
			children = (
				AB8F04C619B6FF16004CFDED /* 3rdParty */,
				AB8F04C519B6FEEB004CFDED /* FancyTabBar */,
				AB8F04C319B6FEE2004CFDED /* FancyTabBarDelegate.h */,
				AB8F049B19B6FEAC004CFDED /* AppDelegate.h */,
				AB8F049C19B6FEAC004CFDED /* AppDelegate.m */,
				AB8F049E19B6FEAC004CFDED /* Main.storyboard */,
				AB8F04A119B6FEAC004CFDED /* ViewController.h */,
				AB8F04A219B6FEAC004CFDED /* ViewController.m */,
				AB8F04A419B6FEAC004CFDED /* Images.xcassets */,
				AB8F049319B6FEAC004CFDED /* Supporting Files */,
			);
			path = FancyTabBar;
			sourceTree = "<group>";
		};
		AB8F049319B6FEAC004CFDED /* Supporting Files */ = {
			isa = PBXGroup;
			children = (
				AB8F049419B6FEAC004CFDED /* FancyTabBar-Info.plist */,
				AB8F049519B6FEAC004CFDED /* InfoPlist.strings */,
				AB8F049819B6FEAC004CFDED /* main.m */,
				AB8F049A19B6FEAC004CFDED /* FancyTabBar-Prefix.pch */,
			);
			name = "Supporting Files";
			sourceTree = "<group>";
		};
		AB8F04B119B6FEAC004CFDED /* FancyTabBarTests */ = {
			isa = PBXGroup;
			children = (
				AB8F04B719B6FEAC004CFDED /* FancyTabBarTests.m */,
				AB8F04B219B6FEAC004CFDED /* Supporting Files */,
			);
			path = FancyTabBarTests;
			sourceTree = "<group>";
		};
		AB8F04B219B6FEAC004CFDED /* Supporting Files */ = {
			isa = PBXGroup;
			children = (
				AB8F04B319B6FEAC004CFDED /* FancyTabBarTests-Info.plist */,
				AB8F04B419B6FEAC004CFDED /* InfoPlist.strings */,
			);
			name = "Supporting Files";
			sourceTree = "<group>";
		};
		AB8F04C519B6FEEB004CFDED /* FancyTabBar */ = {
			isa = PBXGroup;
			children = (
				AB8F04CD19B6FF88004CFDED /* UIView+Screenshot.h */,
				AB8F04CE19B6FF88004CFDED /* UIView+Screenshot.m */,
				AB8F04CA19B6FF4B004CFDED /* Coordinate.h */,
				AB8F04CB19B6FF4B004CFDED /* Coordinate.m */,
				AB8F04C119B6FEE2004CFDED /* FancyTabBar.h */,
				AB8F04C219B6FEE2004CFDED /* FancyTabBar.m */,
			);
			name = FancyTabBar;
			sourceTree = "<group>";
		};
		AB8F04C619B6FF16004CFDED /* 3rdParty */ = {
			isa = PBXGroup;
			children = (
				AB8F04C719B6FF35004CFDED /* UIImage+ImageEffects.h */,
				AB8F04C819B6FF35004CFDED /* UIImage+ImageEffects.m */,
			);
			name = 3rdParty;
			sourceTree = "<group>";
		};
/* End PBXGroup section */

/* Begin PBXNativeTarget section */
		AB8F048819B6FEAB004CFDED /* FancyTabBar */ = {
			isa = PBXNativeTarget;
			buildConfigurationList = AB8F04BB19B6FEAC004CFDED /* Build configuration list for PBXNativeTarget "FancyTabBar" */;
			buildPhases = (
				AB8F048519B6FEAB004CFDED /* Sources */,
				AB8F048619B6FEAB004CFDED /* Frameworks */,
				AB8F048719B6FEAB004CFDED /* Resources */,
			);
			buildRules = (
			);
			dependencies = (
			);
			name = FancyTabBar;
			productName = FancyTabBar;
			productReference = AB8F048919B6FEAB004CFDED /* FancyTabBar.app */;
			productType = "com.apple.product-type.application";
		};
		AB8F04A919B6FEAC004CFDED /* FancyTabBarTests */ = {
			isa = PBXNativeTarget;
			buildConfigurationList = AB8F04BE19B6FEAC004CFDED /* Build configuration list for PBXNativeTarget "FancyTabBarTests" */;
			buildPhases = (
				AB8F04A619B6FEAC004CFDED /* Sources */,
				AB8F04A719B6FEAC004CFDED /* Frameworks */,
				AB8F04A819B6FEAC004CFDED /* Resources */,
			);
			buildRules = (
			);
			dependencies = (
				AB8F04B019B6FEAC004CFDED /* PBXTargetDependency */,
			);
			name = FancyTabBarTests;
			productName = FancyTabBarTests;
			productReference = AB8F04AA19B6FEAC004CFDED /* FancyTabBarTests.xctest */;
			productType = "com.apple.product-type.bundle.unit-test";
		};
/* End PBXNativeTarget section */

/* Begin PBXProject section */
		AB8F048119B6FEAB004CFDED /* Project object */ = {
			isa = PBXProject;
			attributes = {
				LastUpgradeCheck = 0510;
				TargetAttributes = {
					AB8F048819B6FEAB004CFDED = {
						DevelopmentTeam = 7H6KWF2CU7;
					};
					AB8F04A919B6FEAC004CFDED = {
						TestTargetID = AB8F048819B6FEAB004CFDED;
					};
				};
			};
			buildConfigurationList = AB8F048419B6FEAB004CFDED /* Build configuration list for PBXProject "FancyTabBar" */;
			compatibilityVersion = "Xcode 3.2";
			developmentRegion = English;
			hasScannedForEncodings = 0;
			knownRegions = (
				en,
				Base,
			);
			mainGroup = AB8F048019B6FEAB004CFDED;
			productRefGroup = AB8F048A19B6FEAB004CFDED /* Products */;
			projectDirPath = "";
			projectRoot = "";
			targets = (
				AB8F048819B6FEAB004CFDED /* FancyTabBar */,
				AB8F04A919B6FEAC004CFDED /* FancyTabBarTests */,
			);
		};
/* End PBXProject section */

/* Begin PBXResourcesBuildPhase section */
		AB8F048719B6FEAB004CFDED /* Resources */ = {
			isa = PBXResourcesBuildPhase;
			buildActionMask = 2147483647;
			files = (
				AB8F04A519B6FEAC004CFDED /* Images.xcassets in Resources */,
				AB8F049719B6FEAC004CFDED /* InfoPlist.strings in Resources */,
				AB8F04A019B6FEAC004CFDED /* Main.storyboard in Resources */,
			);
			runOnlyForDeploymentPostprocessing = 0;
		};
		AB8F04A819B6FEAC004CFDED /* Resources */ = {
			isa = PBXResourcesBuildPhase;
			buildActionMask = 2147483647;
			files = (
				AB8F04B619B6FEAC004CFDED /* InfoPlist.strings in Resources */,
			);
			runOnlyForDeploymentPostprocessing = 0;
		};
/* End PBXResourcesBuildPhase section */

/* Begin PBXSourcesBuildPhase section */
		AB8F048519B6FEAB004CFDED /* Sources */ = {
			isa = PBXSourcesBuildPhase;
			buildActionMask = 2147483647;
			files = (
				AB8F04A319B6FEAC004CFDED /* ViewController.m in Sources */,
				AB8F04CF19B6FF88004CFDED /* UIView+Screenshot.m in Sources */,
				AB8F04CC19B6FF4B004CFDED /* Coordinate.m in Sources */,
				AB8F04C919B6FF35004CFDED /* UIImage+ImageEffects.m in Sources */,
				AB8F04C419B6FEE2004CFDED /* FancyTabBar.m in Sources */,
				AB8F049D19B6FEAC004CFDED /* AppDelegate.m in Sources */,
				AB8F049919B6FEAC004CFDED /* main.m in Sources */,
			);
			runOnlyForDeploymentPostprocessing = 0;
		};
		AB8F04A619B6FEAC004CFDED /* Sources */ = {
			isa = PBXSourcesBuildPhase;
			buildActionMask = 2147483647;
			files = (
				AB8F04B819B6FEAC004CFDED /* FancyTabBarTests.m in Sources */,
			);
			runOnlyForDeploymentPostprocessing = 0;
		};
/* End PBXSourcesBuildPhase section */

/* Begin PBXTargetDependency section */
		AB8F04B019B6FEAC004CFDED /* PBXTargetDependency */ = {
			isa = PBXTargetDependency;
			target = AB8F048819B6FEAB004CFDED /* FancyTabBar */;
			targetProxy = AB8F04AF19B6FEAC004CFDED /* PBXContainerItemProxy */;
		};
/* End PBXTargetDependency section */

/* Begin PBXVariantGroup section */
		AB8F049519B6FEAC004CFDED /* InfoPlist.strings */ = {
			isa = PBXVariantGroup;
			children = (
				AB8F049619B6FEAC004CFDED /* en */,
			);
			name = InfoPlist.strings;
			sourceTree = "<group>";
		};
		AB8F049E19B6FEAC004CFDED /* Main.storyboard */ = {
			isa = PBXVariantGroup;
			children = (
				AB8F049F19B6FEAC004CFDED /* Base */,
			);
			name = Main.storyboard;
			sourceTree = "<group>";
		};
		AB8F04B419B6FEAC004CFDED /* InfoPlist.strings */ = {
			isa = PBXVariantGroup;
			children = (
				AB8F04B519B6FEAC004CFDED /* en */,
			);
			name = InfoPlist.strings;
			sourceTree = "<group>";
		};
/* End PBXVariantGroup section */

/* Begin XCBuildConfiguration section */
		AB8F04B919B6FEAC004CFDED /* Debug */ = {
			isa = XCBuildConfiguration;
			buildSettings = {
				ALWAYS_SEARCH_USER_PATHS = NO;
				CLANG_CXX_LANGUAGE_STANDARD = "gnu++0x";
				CLANG_CXX_LIBRARY = "libc++";
				CLANG_ENABLE_MODULES = YES;
				CLANG_ENABLE_OBJC_ARC = YES;
				CLANG_WARN_BOOL_CONVERSION = YES;
				CLANG_WARN_CONSTANT_CONVERSION = YES;
				CLANG_WARN_DIRECT_OBJC_ISA_USAGE = YES_ERROR;
				CLANG_WARN_EMPTY_BODY = YES;
				CLANG_WARN_ENUM_CONVERSION = YES;
				CLANG_WARN_INT_CONVERSION = YES;
				CLANG_WARN_OBJC_ROOT_CLASS = YES_ERROR;
				CLANG_WARN__DUPLICATE_METHOD_MATCH = YES;
				"CODE_SIGN_IDENTITY[sdk=iphoneos*]" = "iPhone Developer";
				COPY_PHASE_STRIP = NO;
				GCC_C_LANGUAGE_STANDARD = gnu99;
				GCC_DYNAMIC_NO_PIC = NO;
				GCC_OPTIMIZATION_LEVEL = 0;
				GCC_PREPROCESSOR_DEFINITIONS = (
					"DEBUG=1",
					"$(inherited)",
				);
				GCC_SYMBOLS_PRIVATE_EXTERN = NO;
				GCC_WARN_64_TO_32_BIT_CONVERSION = YES;
				GCC_WARN_ABOUT_RETURN_TYPE = YES_ERROR;
				GCC_WARN_UNDECLARED_SELECTOR = YES;
				GCC_WARN_UNINITIALIZED_AUTOS = YES_AGGRESSIVE;
				GCC_WARN_UNUSED_FUNCTION = YES;
				GCC_WARN_UNUSED_VARIABLE = YES;
				IPHONEOS_DEPLOYMENT_TARGET = 7.1;
				ONLY_ACTIVE_ARCH = YES;
				SDKROOT = iphoneos;
			};
			name = Debug;
		};
		AB8F04BA19B6FEAC004CFDED /* Release */ = {
			isa = XCBuildConfiguration;
			buildSettings = {
				ALWAYS_SEARCH_USER_PATHS = NO;
				CLANG_CXX_LANGUAGE_STANDARD = "gnu++0x";
				CLANG_CXX_LIBRARY = "libc++";
				CLANG_ENABLE_MODULES = YES;
				CLANG_ENABLE_OBJC_ARC = YES;
				CLANG_WARN_BOOL_CONVERSION = YES;
				CLANG_WARN_CONSTANT_CONVERSION = YES;
				CLANG_WARN_DIRECT_OBJC_ISA_USAGE = YES_ERROR;
				CLANG_WARN_EMPTY_BODY = YES;
				CLANG_WARN_ENUM_CONVERSION = YES;
				CLANG_WARN_INT_CONVERSION = YES;
				CLANG_WARN_OBJC_ROOT_CLASS = YES_ERROR;
				CLANG_WARN__DUPLICATE_METHOD_MATCH = YES;
				"CODE_SIGN_IDENTITY[sdk=iphoneos*]" = "iPhone Developer";
				COPY_PHASE_STRIP = YES;
				ENABLE_NS_ASSERTIONS = NO;
				GCC_C_LANGUAGE_STANDARD = gnu99;
				GCC_WARN_64_TO_32_BIT_CONVERSION = YES;
				GCC_WARN_ABOUT_RETURN_TYPE = YES_ERROR;
				GCC_WARN_UNDECLARED_SELECTOR = YES;
				GCC_WARN_UNINITIALIZED_AUTOS = YES_AGGRESSIVE;
				GCC_WARN_UNUSED_FUNCTION = YES;
				GCC_WARN_UNUSED_VARIABLE = YES;
				IPHONEOS_DEPLOYMENT_TARGET = 7.1;
				SDKROOT = iphoneos;
				VALIDATE_PRODUCT = YES;
			};
			name = Release;
		};
		AB8F04BC19B6FEAC004CFDED /* Debug */ = {
			isa = XCBuildConfiguration;
			buildSettings = {
				ASSETCATALOG_COMPILER_APPICON_NAME = AppIcon;
				ASSETCATALOG_COMPILER_LAUNCHIMAGE_NAME = LaunchImage;
				DEVELOPMENT_TEAM = 7H6KWF2CU7;
				GCC_PRECOMPILE_PREFIX_HEADER = YES;
				GCC_PREFIX_HEADER = "FancyTabBar/FancyTabBar-Prefix.pch";
				INFOPLIST_FILE = "FancyTabBar/FancyTabBar-Info.plist";
				PRODUCT_NAME = "$(TARGET_NAME)";
				WRAPPER_EXTENSION = app;
			};
			name = Debug;
		};
		AB8F04BD19B6FEAC004CFDED /* Release */ = {
			isa = XCBuildConfiguration;
			buildSettings = {
				ASSETCATALOG_COMPILER_APPICON_NAME = AppIcon;
				ASSETCATALOG_COMPILER_LAUNCHIMAGE_NAME = LaunchImage;
				DEVELOPMENT_TEAM = 7H6KWF2CU7;
				GCC_PRECOMPILE_PREFIX_HEADER = YES;
				GCC_PREFIX_HEADER = "FancyTabBar/FancyTabBar-Prefix.pch";
				INFOPLIST_FILE = "FancyTabBar/FancyTabBar-Info.plist";
				PRODUCT_NAME = "$(TARGET_NAME)";
				WRAPPER_EXTENSION = app;
			};
			name = Release;
		};
		AB8F04BF19B6FEAC004CFDED /* Debug */ = {
			isa = XCBuildConfiguration;
			buildSettings = {
				BUNDLE_LOADER = "$(BUILT_PRODUCTS_DIR)/FancyTabBar.app/FancyTabBar";
				FRAMEWORK_SEARCH_PATHS = (
					"$(SDKROOT)/Developer/Library/Frameworks",
					"$(inherited)",
					"$(DEVELOPER_FRAMEWORKS_DIR)",
				);
				GCC_PRECOMPILE_PREFIX_HEADER = YES;
				GCC_PREFIX_HEADER = "FancyTabBar/FancyTabBar-Prefix.pch";
				GCC_PREPROCESSOR_DEFINITIONS = (
					"DEBUG=1",
					"$(inherited)",
				);
				INFOPLIST_FILE = "FancyTabBarTests/FancyTabBarTests-Info.plist";
				PRODUCT_NAME = "$(TARGET_NAME)";
				TEST_HOST = "$(BUNDLE_LOADER)";
				WRAPPER_EXTENSION = xctest;
			};
			name = Debug;
		};
		AB8F04C019B6FEAC004CFDED /* Release */ = {
			isa = XCBuildConfiguration;
			buildSettings = {
				BUNDLE_LOADER = "$(BUILT_PRODUCTS_DIR)/FancyTabBar.app/FancyTabBar";
				FRAMEWORK_SEARCH_PATHS = (
					"$(SDKROOT)/Developer/Library/Frameworks",
					"$(inherited)",
					"$(DEVELOPER_FRAMEWORKS_DIR)",
				);
				GCC_PRECOMPILE_PREFIX_HEADER = YES;
				GCC_PREFIX_HEADER = "FancyTabBar/FancyTabBar-Prefix.pch";
				INFOPLIST_FILE = "FancyTabBarTests/FancyTabBarTests-Info.plist";
				PRODUCT_NAME = "$(TARGET_NAME)";
				TEST_HOST = "$(BUNDLE_LOADER)";
				WRAPPER_EXTENSION = xctest;
			};
			name = Release;
		};
/* End XCBuildConfiguration section */

/* Begin XCConfigurationList section */
		AB8F048419B6FEAB004CFDED /* Build configuration list for PBXProject "FancyTabBar" */ = {
			isa = XCConfigurationList;
			buildConfigurations = (
				AB8F04B919B6FEAC004CFDED /* Debug */,
				AB8F04BA19B6FEAC004CFDED /* Release */,
			);
			defaultConfigurationIsVisible = 0;
			defaultConfigurationName = Release;
		};
		AB8F04BB19B6FEAC004CFDED /* Build configuration list for PBXNativeTarget "FancyTabBar" */ = {
			isa = XCConfigurationList;
			buildConfigurations = (
				AB8F04BC19B6FEAC004CFDED /* Debug */,
				AB8F04BD19B6FEAC004CFDED /* Release */,
			);
			defaultConfigurationIsVisible = 0;
			defaultConfigurationName = Release;
		};
		AB8F04BE19B6FEAC004CFDED /* Build configuration list for PBXNativeTarget "FancyTabBarTests" */ = {
			isa = XCConfigurationList;
			buildConfigurations = (
				AB8F04BF19B6FEAC004CFDED /* Debug */,
				AB8F04C019B6FEAC004CFDED /* Release */,
			);
			defaultConfigurationIsVisible = 0;
			defaultConfigurationName = Release;
		};
/* End XCConfigurationList section */
	};
	rootObject = AB8F048119B6FEAB004CFDED /* Project object */;
}
